Microsoft Visual Studio Solution File, Format Version 12.00
# Visual Studio Version 17
VisualStudioVersion = 17.5.2.0
MinimumVisualStudioVersion = 10.0.40219.1
Project("{2150E333-8FDC-42A3-9474-1A3956D46DE8}") = "ChatClient", "ChatClient", "{BCFEDD08-9306-D78D-418F-67F693C0871C}"
EndProject
Project("{2150E333-8FDC-42A3-9474-1A3956D46DE8}") = "ChatServer", "ChatServer", "{D85486C3-F6CE-A507-8249-37B14F266E6F}"
EndProject
Project("{FAE04EC0-301F-11D3-BF4B-00C04F79EFBC}") = "ChatClient", "ChatClient\ChatClient\ChatClient.csproj", "{C70AAEB7-B5F8-CB04-5230-42049E2C019C}"
EndProject
Project("{FAE04EC0-301F-11D3-BF4B-00C04F79EFBC}") = "ChatServer", "ChatServer\ChatServer\ChatServer.csproj", "{C1992738-0D22-747F-1F0A-301ED38779E5}"
EndProject
Global
	GlobalSection(SolutionConfigurationPlatforms) = preSolution
		Debug|Any CPU = Debug|Any CPU
		Release|Any CPU = Release|Any CPU
	EndGlobalSection
	GlobalSection(ProjectConfigurationPlatforms) = postSolution
		{C70AAEB7-B5F8-CB04-5230-42049E2C019C}.Debug|Any CPU.ActiveCfg = Debug|Any CPU
		{C70AAEB7-B5F8-CB04-5230-42049E2C019C}.Debug|Any CPU.Build.0 = Debug|Any CPU
		{C70AAEB7-B5F8-CB04-5230-42049E2C019C}.Release|Any CPU.ActiveCfg = Release|Any CPU
		{C70AAEB7-B5F8-CB04-5230-42049E2C019C}.Release|Any CPU.Build.0 = Release|Any CPU
		{C1992738-0D22-747F-1F0A-301ED38779E5}.Debug|Any CPU.ActiveCfg = Debug|Any CPU
		{C1992738-0D22-747F-1F0A-301ED38779E5}.Debug|Any CPU.Build.0 = Debug|Any CPU
		{C1992738-0D22-747F-1F0A-301ED38779E5}.Release|Any CPU.ActiveCfg = Release|Any CPU
		{C1992738-0D22-747F-1F0A-301ED38779E5}.Release|Any CPU.Build.0 = Release|Any CPU
	EndGlobalSection
	GlobalSection(SolutionProperties) = preSolution
		HideSolutionNode = FALSE
	EndGlobalSection
	GlobalSection(NestedProjects) = preSolution
		{C70AAEB7-B5F8-CB04-5230-42049E2C019C} = {BCFEDD08-9306-D78D-418F-67F693C0871C}
		{C1992738-0D22-747F-1F0A-301ED38779E5} = {D85486C3-F6CE-A507-8249-37B14F266E6F}
	EndGlobalSection
	GlobalSection(ExtensibilityGlobals) = postSolution
		SolutionGuid = {F8316548-3B16-417A-8649-C21E259CF16B}
	EndGlobalSection
EndGlobal
